<?xml version="1.0" encoding="utf-8"?>
<Project ToolsVersion="4.0" xmlns="http://schemas.microsoft.com/developer/msbuild/2003">
  <ItemGroup>
    <Filter Include="Core">
      <UniqueIdentifier>{2EB4837C-1AEB-840D-C3D7-6A10AFED000F}</UniqueIdentifier>
    </Filter>
    <Filter Include="Event">
      <UniqueIdentifier>{E70B220D-5320-4ABE-1CA2-ED1D887546EF}</UniqueIdentifier>
    </Filter>
    <Filter Include="Renderer">
      <UniqueIdentifier>{7CCE658F-689B-C09A-91B4-AE427DE0F528}</UniqueIdentifier>
    </Filter>
  </ItemGroup>
  <ItemGroup>
    <ClInclude Include="src\Core\Application.h">
      <Filter>Core</Filter>
    </ClInclude>
    <ClInclude Include="src\Core\Base.h">
      <Filter>Core</Filter>
    </ClInclude>
    <ClInclude Include="src\Core\Entry.h">
      <Filter>Core</Filter>
    </ClInclude>
    <ClInclude Include="src\Core\Layer.h">
      <Filter>Core</Filter>
    </ClInclude>
    <ClInclude Include="src\Core\LayerStack.h">
      <Filter>Core</Filter>
    </ClInclude>
    <ClInclude Include="src\Core\Log.h">
      <Filter>Core</Filter>
    </ClInclude>
    <ClInclude Include="src\Core\Window.h">
      <Filter>Core</Filter>
    </ClInclude>
    <ClInclude Include="src\Event\Event.h">
      <Filter>Event</Filter>
    </ClInclude>
    <ClInclude Include="src\Event\EventBroker.h">
      <Filter>Event</Filter>
    </ClInclude>
    <ClInclude Include="src\Event\EventQueue.h">
      <Filter>Event</Filter>
    </ClInclude>
    <ClInclude Include="src\Event\EventUtils.h">
      <Filter>Event</Filter>
    </ClInclude>
    <ClInclude Include="src\Event\WindowEvents.h">
      <Filter>Event</Filter>
    </ClInclude>
    <ClInclude Include="src\Renderer\CommandPool.h">
      <Filter>Renderer</Filter>
    </ClInclude>
    <ClInclude Include="src\Renderer\Device.h">
      <Filter>Renderer</Filter>
    </ClInclude>
    <ClInclude Include="src\Renderer\Framebuffer.h">
      <Filter>Renderer</Filter>
    </ClInclude>
    <ClInclude Include="src\Renderer\Pipeline.h">
      <Filter>Renderer</Filter>
    </ClInclude>
    <ClInclude Include="src\Renderer\RenderPass.h">
      <Filter>Renderer</Filter>
    </ClInclude>
    <ClInclude Include="src\Renderer\Renderer.h">
      <Filter>Renderer</Filter>
    </ClInclude>
    <ClInclude Include="src\Renderer\ShaderCompiler.h">
      <Filter>Renderer</Filter>
    </ClInclude>
    <ClInclude Include="src\Renderer\Surface.h">
      <Filter>Renderer</Filter>
    </ClInclude>
    <ClInclude Include="src\Renderer\Swapchain.h">
      <Filter>Renderer</Filter>
    </ClInclude>
    <ClInclude Include="src\Wingnut.h" />
    <ClInclude Include="src\wingnut_pch.h" />
    <ClInclude Include="src\Renderer\CommandBuffer.h" />
    <ClInclude Include="src\Renderer\Semaphore.h" />
    <ClInclude Include="src\Renderer\Fence.h" />
    <ClInclude Include="src\Renderer\Buffer.h" />
  </ItemGroup>
  <ItemGroup>
    <ClCompile Include="src\Core\Application.cpp">
      <Filter>Core</Filter>
    </ClCompile>
    <ClCompile Include="src\Core\Layer.cpp">
      <Filter>Core</Filter>
    </ClCompile>
    <ClCompile Include="src\Core\LayerStack.cpp">
      <Filter>Core</Filter>
    </ClCompile>
    <ClCompile Include="src\Core\Log.cpp">
      <Filter>Core</Filter>
    </ClCompile>
    <ClCompile Include="src\Core\Window.cpp">
      <Filter>Core</Filter>
    </ClCompile>
    <ClCompile Include="src\Event\EventBroker.cpp">
      <Filter>Event</Filter>
    </ClCompile>
    <ClCompile Include="src\Event\EventQueue.cpp">
      <Filter>Event</Filter>
    </ClCompile>
    <ClCompile Include="src\Event\EventUtils.cpp">
      <Filter>Event</Filter>
    </ClCompile>
    <ClCompile Include="src\Renderer\CommandPool.cpp">
      <Filter>Renderer</Filter>
    </ClCompile>
    <ClCompile Include="src\Renderer\Device.cpp">
      <Filter>Renderer</Filter>
    </ClCompile>
    <ClCompile Include="src\Renderer\Framebuffer.cpp">
      <Filter>Renderer</Filter>
    </ClCompile>
    <ClCompile Include="src\Renderer\Pipeline.cpp">
      <Filter>Renderer</Filter>
    </ClCompile>
    <ClCompile Include="src\Renderer\RenderPass.cpp">
      <Filter>Renderer</Filter>
    </ClCompile>
    <ClCompile Include="src\Renderer\Renderer.cpp">
      <Filter>Renderer</Filter>
    </ClCompile>
    <ClCompile Include="src\Renderer\ShaderCompiler.cpp">
      <Filter>Renderer</Filter>
    </ClCompile>
    <ClCompile Include="src\Renderer\Surface.cpp">
      <Filter>Renderer</Filter>
    </ClCompile>
    <ClCompile Include="src\Renderer\Swapchain.cpp">
      <Filter>Renderer</Filter>
    </ClCompile>
    <ClCompile Include="src\wingnut_pch.cpp" />
    <ClCompile Include="src\Renderer\CommandBuffer.cpp" />
    <ClCompile Include="src\Renderer\Semaphore.cpp" />
    <ClCompile Include="src\Renderer\Fence.cpp" />
    <ClCompile Include="src\Renderer\Buffer.cpp" />
  </ItemGroup>
</Project>